// !$*UTF8*$!
{
	archiveVersion = 1;
	classes = {
	};
	objectVersion = 46;
	objects = {

/* Begin PBXBuildFile section */
		15D156281DEEC5A200AAB890 /* main.m in Sources */ = {isa = PBXBuildFile; fileRef = 15D156271DEEC5A200AAB890 /* main.m */; };
		15D1562B1DEEC5A200AAB890 /* AppDelegate.m in Sources */ = {isa = PBXBuildFile; fileRef = 15D1562A1DEEC5A200AAB890 /* AppDelegate.m */; };
		15D1562E1DEEC5A200AAB890 /* ViewController.m in Sources */ = {isa = PBXBuildFile; fileRef = 15D1562D1DEEC5A200AAB890 /* ViewController.m */; };
		15D156311DEEC5A200AAB890 /* Main.storyboard in Resources */ = {isa = PBXBuildFile; fileRef = 15D1562F1DEEC5A200AAB890 /* Main.storyboard */; };
		15D156331DEEC5A200AAB890 /* Assets.xcassets in Resources */ = {isa = PBXBuildFile; fileRef = 15D156321DEEC5A200AAB890 /* Assets.xcassets */; };
		15D156361DEEC5A200AAB890 /* LaunchScreen.storyboard in Resources */ = {isa = PBXBuildFile; fileRef = 15D156341DEEC5A200AAB890 /* LaunchScreen.storyboard */; };
		15D1563E1DEEC5B000AAB890 /* data.json in Resources */ = {isa = PBXBuildFile; fileRef = 15D1563D1DEEC5B000AAB890 /* data.json */; };
		15D156441DEECCB100AAB890 /* FeedTableViewCell.m in Sources */ = {isa = PBXBuildFile; fileRef = 15D156431DEECCB100AAB890 /* FeedTableViewCell.m */; };
		15D156471DEED2E900AAB890 /* Feed.m in Sources */ = {isa = PBXBuildFile; fileRef = 15D156461DEED2E900AAB890 /* Feed.m */; };
		15D1564D1DEEDCA700AAB890 /* YYFPSLabel.m in Sources */ = {isa = PBXBuildFile; fileRef = 15D1564A1DEEDCA700AAB890 /* YYFPSLabel.m */; };
		15D1564E1DEEDCA700AAB890 /* YYWeakProxy.m in Sources */ = {isa = PBXBuildFile; fileRef = 15D1564C1DEEDCA700AAB890 /* YYWeakProxy.m */; };
		76C10AC4FD04A403AD3608C9 /* libPods-MasonryAndFDTemplateLayoutCell.a in Frameworks */ = {isa = PBXBuildFile; fileRef = 3D83D22D14A6E098D029D054 /* libPods-MasonryAndFDTemplateLayoutCell.a */; };
/* End PBXBuildFile section */

/* Begin PBXFileReference section */
		15D156231DEEC5A200AAB890 /* MasonryAndFDTemplateLayoutCell.app */ = {isa = PBXFileReference; explicitFileType = wrapper.application; includeInIndex = 0; path = MasonryAndFDTemplateLayoutCell.app; sourceTree = BUILT_PRODUCTS_DIR; };
		15D156271DEEC5A200AAB890 /* main.m */ = {isa = PBXFileReference; lastKnownFileType = sourcecode.c.objc; path = main.m; sourceTree = "<group>"; };
		15D156291DEEC5A200AAB890 /* AppDelegate.h */ = {isa = PBXFileReference; lastKnownFileType = sourcecode.c.h; path = AppDelegate.h; sourceTree = "<group>"; };
		15D1562A1DEEC5A200AAB890 /* AppDelegate.m */ = {isa = PBXFileReference; lastKnownFileType = sourcecode.c.objc; path = AppDelegate.m; sourceTree = "<group>"; };
		15D1562C1DEEC5A200AAB890 /* ViewController.h */ = {isa = PBXFileReference; lastKnownFileType = sourcecode.c.h; path = ViewController.h; sourceTree = "<group>"; };
		15D1562D1DEEC5A200AAB890 /* ViewController.m */ = {isa = PBXFileReference; lastKnownFileType = sourcecode.c.objc; path = ViewController.m; sourceTree = "<group>"; };
		15D156301DEEC5A200AAB890 /* Base */ = {isa = PBXFileReference; lastKnownFileType = file.storyboard; name = Base; path = Base.lproj/Main.storyboard; sourceTree = "<group>"; };
		15D156321DEEC5A200AAB890 /* Assets.xcassets */ = {isa = PBXFileReference; lastKnownFileType = folder.assetcatalog; path = Assets.xcassets; sourceTree = "<group>"; };
		15D156351DEEC5A200AAB890 /* Base */ = {isa = PBXFileReference; lastKnownFileType = file.storyboard; name = Base; path = Base.lproj/LaunchScreen.storyboard; sourceTree = "<group>"; };
		15D156371DEEC5A200AAB890 /* Info.plist */ = {isa = PBXFileReference; lastKnownFileType = text.plist.xml; path = Info.plist; sourceTree = "<group>"; };
		15D1563D1DEEC5B000AAB890 /* data.json */ = {isa = PBXFileReference; fileEncoding = 4; lastKnownFileType = text.json; path = data.json; sourceTree = "<group>"; };
		15D156421DEECCB100AAB890 /* FeedTableViewCell.h */ = {isa = PBXFileReference; fileEncoding = 4; lastKnownFileType = sourcecode.c.h; path = FeedTableViewCell.h; sourceTree = "<group>"; };
		15D156431DEECCB100AAB890 /* FeedTableViewCell.m */ = {isa = PBXFileReference; fileEncoding = 4; lastKnownFileType = sourcecode.c.objc; path = FeedTableViewCell.m; sourceTree = "<group>"; };
		15D156451DEED2E900AAB890 /* Feed.h */ = {isa = PBXFileReference; fileEncoding = 4; lastKnownFileType = sourcecode.c.h; path = Feed.h; sourceTree = "<group>"; };
		15D156461DEED2E900AAB890 /* Feed.m */ = {isa = PBXFileReference; fileEncoding = 4; lastKnownFileType = sourcecode.c.objc; path = Feed.m; sourceTree = "<group>"; };
		15D156491DEEDCA700AAB890 /* YYFPSLabel.h */ = {isa = PBXFileReference; fileEncoding = 4; lastKnownFileType = sourcecode.c.h; path = YYFPSLabel.h; sourceTree = "<group>"; };
		15D1564A1DEEDCA700AAB890 /* YYFPSLabel.m */ = {isa = PBXFileReference; fileEncoding = 4; lastKnownFileType = sourcecode.c.objc; path = YYFPSLabel.m; sourceTree = "<group>"; };
		15D1564B1DEEDCA700AAB890 /* YYWeakProxy.h */ = {isa = PBXFileReference; fileEncoding = 4; lastKnownFileType = sourcecode.c.h; path = YYWeakProxy.h; sourceTree = "<group>"; };
		15D1564C1DEEDCA700AAB890 /* YYWeakProxy.m */ = {isa = PBXFileReference; fileEncoding = 4; lastKnownFileType = sourcecode.c.objc; path = YYWeakProxy.m; sourceTree = "<group>"; };
		3D83D22D14A6E098D029D054 /* libPods-MasonryAndFDTemplateLayoutCell.a */ = {isa = PBXFileReference; explicitFileType = archive.ar; includeInIndex = 0; path = "libPods-MasonryAndFDTemplateLayoutCell.a"; sourceTree = BUILT_PRODUCTS_DIR; };
		9B3BB0C99AF911F24AB7FDE4 /* Pods-MasonryAndFDTemplateLayoutCell.debug.xcconfig */ = {isa = PBXFileReference; includeInIndex = 1; lastKnownFileType = text.xcconfig; name = "Pods-MasonryAndFDTemplateLayoutCell.debug.xcconfig"; path = "Pods/Target Support Files/Pods-MasonryAndFDTemplateLayoutCell/Pods-MasonryAndFDTemplateLayoutCell.debug.xcconfig"; sourceTree = "<group>"; };
		FDBA5699C092986B4A881A97 /* Pods-MasonryAndFDTemplateLayoutCell.release.xcconfig */ = {isa = PBXFileReference; includeInIndex = 1; lastKnownFileType = text.xcconfig; name = "Pods-MasonryAndFDTemplateLayoutCell.release.xcconfig"; path = "Pods/Target Support Files/Pods-MasonryAndFDTemplateLayoutCell/Pods-MasonryAndFDTemplateLayoutCell.release.xcconfig"; sourceTree = "<group>"; };
/* End PBXFileReference section */

/* Begin PBXFrameworksBuildPhase section */
		15D156201DEEC5A200AAB890 /* Frameworks */ = {
			isa = PBXFrameworksBuildPhase;
			buildActionMask = 2147483647;
			files = (
				76C10AC4FD04A403AD3608C9 /* libPods-MasonryAndFDTemplateLayoutCell.a in Frameworks */,
			);
			runOnlyForDeploymentPostprocessing = 0;
		};
/* End PBXFrameworksBuildPhase section */

/* Begin PBXGroup section */
		15D1561A1DEEC5A200AAB890 = {
			isa = PBXGroup;
			children = (
				15D156251DEEC5A200AAB890 /* MasonryAndFDTemplateLayoutCell */,
				15D156241DEEC5A200AAB890 /* Products */,
				1BBED0678DEB62F3D8810582 /* Pods */,
				E9710819E02B73E0E657E63A /* Frameworks */,
			);
			sourceTree = "<group>";
		};
		15D156241DEEC5A200AAB890 /* Products */ = {
			isa = PBXGroup;
			children = (
				15D156231DEEC5A200AAB890 /* MasonryAndFDTemplateLayoutCell.app */,
			);
			name = Products;
			sourceTree = "<group>";
		};
		15D156251DEEC5A200AAB890 /* MasonryAndFDTemplateLayoutCell */ = {
			isa = PBXGroup;
			children = (
				15D156481DEEDCA700AAB890 /* YYFPSLabel */,
				15D156291DEEC5A200AAB890 /* AppDelegate.h */,
				15D1562A1DEEC5A200AAB890 /* AppDelegate.m */,
				15D1562C1DEEC5A200AAB890 /* ViewController.h */,
				15D1562D1DEEC5A200AAB890 /* ViewController.m */,
				15D156451DEED2E900AAB890 /* Feed.h */,
				15D156461DEED2E900AAB890 /* Feed.m */,
				15D156421DEECCB100AAB890 /* FeedTableViewCell.h */,
				15D156431DEECCB100AAB890 /* FeedTableViewCell.m */,
				15D1562F1DEEC5A200AAB890 /* Main.storyboard */,
				15D156321DEEC5A200AAB890 /* Assets.xcassets */,
				15D156341DEEC5A200AAB890 /* LaunchScreen.storyboard */,
				15D156371DEEC5A200AAB890 /* Info.plist */,
				15D1563D1DEEC5B000AAB890 /* data.json */,
				15D156261DEEC5A200AAB890 /* Supporting Files */,
			);
			path = MasonryAndFDTemplateLayoutCell;
			sourceTree = "<group>";
		};
		15D156261DEEC5A200AAB890 /* Supporting Files */ = {
			isa = PBXGroup;
			children = (
				15D156271DEEC5A200AAB890 /* main.m */,
			);
			name = "Supporting Files";
			sourceTree = "<group>";
		};
		15D156481DEEDCA700AAB890 /* YYFPSLabel */ = {
			isa = PBXGroup;
			children = (
				15D156491DEEDCA700AAB890 /* YYFPSLabel.h */,
				15D1564A1DEEDCA700AAB890 /* YYFPSLabel.m */,
				15D1564B1DEEDCA700AAB890 /* YYWeakProxy.h */,
				15D1564C1DEEDCA700AAB890 /* YYWeakProxy.m */,
			);
			path = YYFPSLabel;
			sourceTree = "<group>";
		};
		1BBED0678DEB62F3D8810582 /* Pods */ = {
			isa = PBXGroup;
			children = (
				9B3BB0C99AF911F24AB7FDE4 /* Pods-MasonryAndFDTemplateLayoutCell.debug.xcconfig */,
				FDBA5699C092986B4A881A97 /* Pods-MasonryAndFDTemplateLayoutCell.release.xcconfig */,
			);
			name = Pods;
			sourceTree = "<group>";
		};
		E9710819E02B73E0E657E63A /* Frameworks */ = {
			isa = PBXGroup;
			children = (
				3D83D22D14A6E098D029D054 /* libPods-MasonryAndFDTemplateLayoutCell.a */,
			);
			name = Frameworks;
			sourceTree = "<group>";
		};
/* End PBXGroup section */

/* Begin PBXNativeTarget section */
		15D156221DEEC5A200AAB890 /* MasonryAndFDTemplateLayoutCell */ = {
			isa = PBXNativeTarget;
			buildConfigurationList = 15D1563A1DEEC5A200AAB890 /* Build configuration list for PBXNativeTarget "MasonryAndFDTemplateLayoutCell" */;
			buildPhases = (
				7BCF6FEB9ACD648B319CF5F8 /* [CP] Check Pods Manifest.lock */,
				15D1561F1DEEC5A200AAB890 /* Sources */,
				15D156201DEEC5A200AAB890 /* Frameworks */,
				15D156211DEEC5A200AAB890 /* Resources */,
				53AFE1A7BFDF3418CED90BFA /* [CP] Embed Pods Frameworks */,
				F9F79ACDDD4ABCEB391DEB75 /* [CP] Copy Pods Resources */,
			);
			buildRules = (
			);
			dependencies = (
			);
			name = MasonryAndFDTemplateLayoutCell;
			productName = MasonryAndFDTemplateLayoutCell;
			productReference = 15D156231DEEC5A200AAB890 /* MasonryAndFDTemplateLayoutCell.app */;
			productType = "com.apple.product-type.application";
		};
/* End PBXNativeTarget section */

/* Begin PBXProject section */
		15D1561B1DEEC5A200AAB890 /* Project object */ = {
			isa = PBXProject;
			attributes = {
				LastUpgradeCheck = 0800;
				ORGANIZATIONNAME = cx;
				TargetAttributes = {
					15D156221DEEC5A200AAB890 = {
						CreatedOnToolsVersion = 8.0;
						DevelopmentTeam = M6BZ7CAAX7;
						ProvisioningStyle = Automatic;
					};
				};
			};
			buildConfigurationList = 15D1561E1DEEC5A200AAB890 /* Build configuration list for PBXProject "MasonryAndFDTemplateLayoutCell" */;
			compatibilityVersion = "Xcode 3.2";
			developmentRegion = English;
			hasScannedForEncodings = 0;
			knownRegions = (
				en,
				Base,
			);
			mainGroup = 15D1561A1DEEC5A200AAB890;
			productRefGroup = 15D156241DEEC5A200AAB890 /* Products */;
			projectDirPath = "";
			projectRoot = "";
			targets = (
				15D156221DEEC5A200AAB890 /* MasonryAndFDTemplateLayoutCell */,
			);
		};
/* End PBXProject section */

/* Begin PBXResourcesBuildPhase section */
		15D156211DEEC5A200AAB890 /* Resources */ = {
			isa = PBXResourcesBuildPhase;
			buildActionMask = 2147483647;
			files = (
				15D156361DEEC5A200AAB890 /* LaunchScreen.storyboard in Resources */,
				15D156331DEEC5A200AAB890 /* Assets.xcassets in Resources */,
				15D156311DEEC5A200AAB890 /* Main.storyboard in Resources */,
				15D1563E1DEEC5B000AAB890 /* data.json in Resources */,
			);
			runOnlyForDeploymentPostprocessing = 0;
		};
/* End PBXResourcesBuildPhase section */

/* Begin PBXShellScriptBuildPhase section */
		53AFE1A7BFDF3418CED90BFA /* [CP] Embed Pods Frameworks */ = {
			isa = PBXShellScriptBuildPhase;
			buildActionMask = 2147483647;
			files = (
			);
			inputPaths = (
			);
			name = "[CP] Embed Pods Frameworks";
			outputPaths = (
			);
			runOnlyForDeploymentPostprocessing = 0;
			shellPath = /bin/sh;
			shellScript = "\"${SRCROOT}/Pods/Target Support Files/Pods-MasonryAndFDTemplateLayoutCell/Pods-MasonryAndFDTemplateLayoutCell-frameworks.sh\"\n";
			showEnvVarsInLog = 0;
		};
		7BCF6FEB9ACD648B319CF5F8 /* [CP] Check Pods Manifest.lock */ = {
			isa = PBXShellScriptBuildPhase;
			buildActionMask = 2147483647;
			files = (
			);
			inputPaths = (
			);
			name = "[CP] Check Pods Manifest.lock";
			outputPaths = (
			);
			runOnlyForDeploymentPostprocessing = 0;
			shellPath = /bin/sh;
			shellScript = "diff \"${PODS_ROOT}/../Podfile.lock\" \"${PODS_ROOT}/Manifest.lock\" > /dev/null\nif [ $? != 0 ] ; then\n    # print error to STDERR\n    echo \"error: The sandbox is not in sync with the Podfile.lock. Run 'pod install' or update your CocoaPods installation.\" >&2\n    exit 1\nfi\n";
			showEnvVarsInLog = 0;
		};
		F9F79ACDDD4ABCEB391DEB75 /* [CP] Copy Pods Resources */ = {
			isa = PBXShellScriptBuildPhase;
			buildActionMask = 2147483647;
			files = (
			);
			inputPaths = (
			);
			name = "[CP] Copy Pods Resources";
			outputPaths = (
			);
			runOnlyForDeploymentPostprocessing = 0;
			shellPath = /bin/sh;
			shellScript = "\"${SRCROOT}/Pods/Target Support Files/Pods-MasonryAndFDTemplateLayoutCell/Pods-MasonryAndFDTemplateLayoutCell-resources.sh\"\n";
			showEnvVarsInLog = 0;
		};
/* End PBXShellScriptBuildPhase section */

/* Begin PBXSourcesBuildPhase section */
		15D1561F1DEEC5A200AAB890 /* Sources */ = {
			isa = PBXSourcesBuildPhase;
			buildActionMask = 2147483647;
			files = (
				15D1564D1DEEDCA700AAB890 /* YYFPSLabel.m in Sources */,
				15D1564E1DEEDCA700AAB890 /* YYWeakProxy.m in Sources */,
				15D156471DEED2E900AAB890 /* Feed.m in Sources */,
				15D1562E1DEEC5A200AAB890 /* ViewController.m in Sources */,
				15D156441DEECCB100AAB890 /* FeedTableViewCell.m in Sources */,
				15D1562B1DEEC5A200AAB890 /* AppDelegate.m in Sources */,
				15D156281DEEC5A200AAB890 /* main.m in Sources */,
			);
			runOnlyForDeploymentPostprocessing = 0;
		};
/* End PBXSourcesBuildPhase section */

/* Begin PBXVariantGroup section */
		15D1562F1DEEC5A200AAB890 /* Main.storyboard */ = {
			isa = PBXVariantGroup;
			children = (
				15D156301DEEC5A200AAB890 /* Base */,
			);
			name = Main.storyboard;
			sourceTree = "<group>";
		};
		15D156341DEEC5A200AAB890 /* LaunchScreen.storyboard */ = {
			isa = PBXVariantGroup;
			children = (
				15D156351DEEC5A200AAB890 /* Base */,
			);
			name = LaunchScreen.storyboard;
			sourceTree = "<group>";
		};
/* End PBXVariantGroup section */

/* Begin XCBuildConfiguration section */
		15D156381DEEC5A200AAB890 /* Debug */ = {
			isa = XCBuildConfiguration;
			buildSettings = {
				ALWAYS_SEARCH_USER_PATHS = NO;
				CLANG_ANALYZER_NONNULL = YES;
				CLANG_CXX_LANGUAGE_STANDARD = "gnu++0x";
				CLANG_CXX_LIBRARY = "libc++";
				CLANG_ENABLE_MODULES = YES;
				CLANG_ENABLE_OBJC_ARC = YES;
				CLANG_WARN_BOOL_CONVERSION = YES;
				CLANG_WARN_CONSTANT_CONVERSION = YES;
				CLANG_WARN_DIRECT_OBJC_ISA_USAGE = YES_ERROR;
				CLANG_WARN_DOCUMENTATION_COMMENTS = YES;
				CLANG_WARN_EMPTY_BODY = YES;
				CLANG_WARN_ENUM_CONVERSION = YES;
				CLANG_WARN_INFINITE_RECURSION = YES;
				CLANG_WARN_INT_CONVERSION = YES;
				CLANG_WARN_OBJC_ROOT_CLASS = YES_ERROR;
				CLANG_WARN_SUSPICIOUS_MOVES = YES;
				CLANG_WARN_UNREACHABLE_CODE = YES;
				CLANG_WARN__DUPLICATE_METHOD_MATCH = YES;
				"CODE_SIGN_IDENTITY[sdk=iphoneos*]" = "iPhone Developer";
				COPY_PHASE_STRIP = NO;
				DEBUG_INFORMATION_FORMAT = dwarf;
				ENABLE_STRICT_OBJC_MSGSEND = YES;
				ENABLE_TESTABILITY = YES;
				GCC_C_LANGUAGE_STANDARD = gnu99;
				GCC_DYNAMIC_NO_PIC = NO;
				GCC_NO_COMMON_BLOCKS = YES;
				GCC_OPTIMIZATION_LEVEL = 0;
				GCC_PREPROCESSOR_DEFINITIONS = (
					"DEBUG=1",
					"$(inherited)",
				);
				GCC_WARN_64_TO_32_BIT_CONVERSION = YES;
				GCC_WARN_ABOUT_RETURN_TYPE = YES_ERROR;
				GCC_WARN_UNDECLARED_SELECTOR = YES;
				GCC_WARN_UNINITIALIZED_AUTOS = YES_AGGRESSIVE;
				GCC_WARN_UNUSED_FUNCTION = YES;
				GCC_WARN_UNUSED_VARIABLE = YES;
				IPHONEOS_DEPLOYMENT_TARGET = 10.0;
				MTL_ENABLE_DEBUG_INFO = YES;
				ONLY_ACTIVE_ARCH = YES;
				SDKROOT = iphoneos;
			};
			name = Debug;
		};
		15D156391DEEC5A200AAB890 /* Release */ = {
			isa = XCBuildConfiguration;
			buildSettings = {
				ALWAYS_SEARCH_USER_PATHS = NO;
				CLANG_ANALYZER_NONNULL = YES;
				CLANG_CXX_LANGUAGE_STANDARD = "gnu++0x";
				CLANG_CXX_LIBRARY = "libc++";
				CLANG_ENABLE_MODULES = YES;
				CLANG_ENABLE_OBJC_ARC = YES;
				CLANG_WARN_BOOL_CONVERSION = YES;
				CLANG_WARN_CONSTANT_CONVERSION = YES;
				CLANG_WARN_DIRECT_OBJC_ISA_USAGE = YES_ERROR;
				CLANG_WARN_DOCUMENTATION_COMMENTS = YES;
				CLANG_WARN_EMPTY_BODY = YES;
				CLANG_WARN_ENUM_CONVERSION = YES;
				CLANG_WARN_INFINITE_RECURSION = YES;
				CLANG_WARN_INT_CONVERSION = YES;
				CLANG_WARN_OBJC_ROOT_CLASS = YES_ERROR;
				CLANG_WARN_SUSPICIOUS_MOVES = YES;
				CLANG_WARN_UNREACHABLE_CODE = YES;
				CLANG_WARN__DUPLICATE_METHOD_MATCH = YES;
				"CODE_SIGN_IDENTITY[sdk=iphoneos*]" = "iPhone Developer";
				COPY_PHASE_STRIP = NO;
				DEBUG_INFORMATION_FORMAT = "dwarf-with-dsym";
				ENABLE_NS_ASSERTIONS = NO;
				ENABLE_STRICT_OBJC_MSGSEND = YES;
				GCC_C_LANGUAGE_STANDARD = gnu99;
				GCC_NO_COMMON_BLOCKS = YES;
				GCC_WARN_64_TO_32_BIT_CONVERSION = YES;
				GCC_WARN_ABOUT_RETURN_TYPE = YES_ERROR;
				GCC_WARN_UNDECLARED_SELECTOR = YES;
				GCC_WARN_UNINITIALIZED_AUTOS = YES_AGGRESSIVE;
				GCC_WARN_UNUSED_FUNCTION = YES;
				GCC_WARN_UNUSED_VARIABLE = YES;
				IPHONEOS_DEPLOYMENT_TARGET = 10.0;
				MTL_ENABLE_DEBUG_INFO = NO;
				SDKROOT = iphoneos;
				VALIDATE_PRODUCT = YES;
			};
			name = Release;
		};
		15D1563B1DEEC5A200AAB890 /* Debug */ = {
			isa = XCBuildConfiguration;
			baseConfigurationReference = 9B3BB0C99AF911F24AB7FDE4 /* Pods-MasonryAndFDTemplateLayoutCell.debug.xcconfig */;
			buildSettings = {
				ASSETCATALOG_COMPILER_APPICON_NAME = AppIcon;
				DEVELOPMENT_TEAM = M6BZ7CAAX7;
				INFOPLIST_FILE = MasonryAndFDTemplateLayoutCell/Info.plist;
				IPHONEOS_DEPLOYMENT_TARGET = 10.0;
				LD_RUNPATH_SEARCH_PATHS = "$(inherited) @executable_path/Frameworks";
				PRODUCT_BUNDLE_IDENTIFIER = com.cx.MasonryAndFDTemplateLayoutCell;
				PRODUCT_NAME = "$(TARGET_NAME)";
			};
			name = Debug;
		};
		15D1563C1DEEC5A200AAB890 /* Release */ = {
			isa = XCBuildConfiguration;
			baseConfigurationReference = FDBA5699C092986B4A881A97 /* Pods-MasonryAndFDTemplateLayoutCell.release.xcconfig */;
			buildSettings = {
				ASSETCATALOG_COMPILER_APPICON_NAME = AppIcon;
				DEVELOPMENT_TEAM = M6BZ7CAAX7;
				INFOPLIST_FILE = MasonryAndFDTemplateLayoutCell/Info.plist;
				IPHONEOS_DEPLOYMENT_TARGET = 10.0;
				LD_RUNPATH_SEARCH_PATHS = "$(inherited) @executable_path/Frameworks";
				PRODUCT_BUNDLE_IDENTIFIER = com.cx.MasonryAndFDTemplateLayoutCell;
				PRODUCT_NAME = "$(TARGET_NAME)";
			};
			name = Release;
		};
/* End XCBuildConfiguration section */

/* Begin XCConfigurationList section */
		15D1561E1DEEC5A200AAB890 /* Build configuration list for PBXProject "MasonryAndFDTemplateLayoutCell" */ = {
			isa = XCConfigurationList;
			buildConfigurations = (
				15D156381DEEC5A200AAB890 /* Debug */,
				15D156391DEEC5A200AAB890 /* Release */,
			);
			defaultConfigurationIsVisible = 0;
			defaultConfigurationName = Release;
		};
		15D1563A1DEEC5A200AAB890 /* Build configuration list for PBXNativeTarget "MasonryAndFDTemplateLayoutCell" */ = {
			isa = XCConfigurationList;
			buildConfigurations = (
				15D1563B1DEEC5A200AAB890 /* Debug */,
				15D1563C1DEEC5A200AAB890 /* Release */,
			);
			defaultConfigurationIsVisible = 0;
			defaultConfigurationName = Release;
		};
/* End XCConfigurationList section */
	};
	rootObject = 15D1561B1DEEC5A200AAB890 /* Project object */;
}
